<?xml version="1.0" encoding="utf-8"?>
<Project ToolsVersion="4.0" xmlns="http://schemas.microsoft.com/developer/msbuild/2003">
  <ItemGroup>
    <Filter Include="Resources">
      <UniqueIdentifier>{67DA6AB6-F800-4c08-8B7A-83BB121AAD01}</UniqueIdentifier>
      <Extensions>rc;ico;cur;bmp;dlg;rc2;rct;bin;rgs;gif;jpg;jpeg;jpe;resx;tiff;tif;png;wav;mfcribbon-ms</Extensions>
    </Filter>
    <Filter Include="Source">
      <UniqueIdentifier>{4FC737F1-C7A5-4376-A066-2A32D752A2FF}</UniqueIdentifier>
      <Extensions>cpp;c;cc;cxx;c++;cppm;ixx;def;odl;idl;hpj;bat;asm;asmx</Extensions>
    </Filter>
    <Filter Include="Source\View">
      <UniqueIdentifier>{2cd9397c-00e1-4607-b5bc-6a4b68f7222f}</UniqueIdentifier>
    </Filter>
    <Filter Include="Source\View\Renderer">
      <UniqueIdentifier>{7c99f729-ea79-4802-b3dc-3bb4e0230622}</UniqueIdentifier>
    </Filter>
    <Filter Include="Source\View\Input">
      <UniqueIdentifier>{31901b93-fd6d-4f85-8a76-16ab250496d1}</UniqueIdentifier>
    </Filter>
    <Filter Include="Source\Controller">
      <UniqueIdentifier>{dadac2a4-3b00-4448-a92f-b1ee757d94a7}</UniqueIdentifier>
    </Filter>
    <Filter Include="Source\Controller\Math">
      <UniqueIdentifier>{d5895fbd-46eb-48b2-8e6a-595cb3e36998}</UniqueIdentifier>
    </Filter>
    <Filter Include="Source\View\Audio">
      <UniqueIdentifier>{576f9335-f831-4851-b8f2-8ca799dc02c0}</UniqueIdentifier>
    </Filter>
    <Filter Include="Source\Model">
      <UniqueIdentifier>{07f243c6-6f63-453b-ba2d-598410c7d65d}</UniqueIdentifier>
    </Filter>
    <Filter Include="Source\Model\Framework">
      <UniqueIdentifier>{2841abee-73f0-4953-84ad-7816dced2dfe}</UniqueIdentifier>
    </Filter>
    <Filter Include="Source\Model\Framework\Components">
      <UniqueIdentifier>{76ea4b44-43bb-4844-9409-e1fd811e9a97}</UniqueIdentifier>
    </Filter>
    <Filter Include="Source\DAL">
      <UniqueIdentifier>{05df9c03-d20f-408a-9f3d-05c62e277972}</UniqueIdentifier>
    </Filter>
    <Filter Include="Source\DAL\Resource">
      <UniqueIdentifier>{086c8ff0-c6e7-4644-8087-16e9980303ba}</UniqueIdentifier>
    </Filter>
    <Filter Include="Source\DAL\Serialization">
      <UniqueIdentifier>{7d38fd03-0b30-4be3-9bca-bd81a1b13f81}</UniqueIdentifier>
    </Filter>
    <Filter Include="Source\Controller\Core">
      <UniqueIdentifier>{be422acd-3065-4cc8-8077-276f999ca0f6}</UniqueIdentifier>
    </Filter>
    <Filter Include="Source\Controller\Physics">
      <UniqueIdentifier>{12595daf-8483-40e7-9382-7f73b6b1f144}</UniqueIdentifier>
    </Filter>
    <Filter Include="Source\Model\Framework\EventSystem">
      <UniqueIdentifier>{632f30ff-5cdb-49c2-a7c9-278a6427e593}</UniqueIdentifier>
    </Filter>
  </ItemGroup>
  <ItemGroup>
    <ClCompile Include="Math\MathUtils.cpp">
      <Filter>Source\Controller\Math</Filter>
    </ClCompile>
    <ClCompile Include="Core\MemoryMgmt.cpp">
      <Filter>Source\Controller\Core</Filter>
    </ClCompile>
    <ClCompile Include="Renderer\Renderer.cpp">
      <Filter>Source\View\Renderer</Filter>
    </ClCompile>
    <ClCompile Include="Renderer\Model.cpp">
      <Filter>Source\View\Renderer</Filter>
    </ClCompile>
    <ClCompile Include="Core\File.cpp">
      <Filter>Source\Controller\Core</Filter>
    </ClCompile>
    <ClCompile Include="Core\TimeMgmt.cpp">
      <Filter>Source\Controller\Core</Filter>
    </ClCompile>
    <ClCompile Include="Input\InputSystem.cpp">
      <Filter>Source\View\Input</Filter>
    </ClCompile>
    <ClCompile Include="Framework\Actor.cpp">
      <Filter>Source\Model\Framework</Filter>
    </ClCompile>
    <ClCompile Include="Framework\Scene.cpp">
      <Filter>Source\Model\Framework</Filter>
    </ClCompile>
    <ClCompile Include="Engine.cpp">
      <Filter>Source</Filter>
    </ClCompile>
    <ClCompile Include="Audio\AudioSystem.cpp">
      <Filter>Source\View\Audio</Filter>
    </ClCompile>
    <ClCompile Include="Renderer\Font.cpp">
      <Filter>Source\View\Renderer</Filter>
    </ClCompile>
    <ClCompile Include="Renderer\Text.cpp">
      <Filter>Source\View\Renderer</Filter>
    </ClCompile>
    <ClCompile Include="Renderer\Texture.cpp">
      <Filter>Source\View\Renderer</Filter>
    </ClCompile>
    <ClCompile Include="Core\Logger.cpp">
      <Filter>Source\Controller\Core</Filter>
    </ClCompile>
    <ClCompile Include="Math\Vector2.cpp">
      <Filter>Source\Controller\Math</Filter>
    </ClCompile>
    <ClCompile Include="Math\Color.cpp">
      <Filter>Source\Controller\Math</Filter>
    </ClCompile>
    <ClCompile Include="Math\Mat2x2.cpp">
      <Filter>Source\Controller\Math</Filter>
    </ClCompile>
    <ClCompile Include="Math\Mat3x3.cpp">
      <Filter>Source\Controller\Math</Filter>
    </ClCompile>
    <ClCompile Include="Resource\ResourceMgmt.cpp">
      <Filter>Source\DAL\Resource</Filter>
    </ClCompile>
    <ClCompile Include="Framework\Components\ModelComponent.cpp">
      <Filter>Source\Model\Framework\Components</Filter>
    </ClCompile>
    <ClCompile Include="Serialization\JSON.cpp">
      <Filter>Source\DAL\Serialization</Filter>
    </ClCompile>
    <ClCompile Include="Framework\Components\SpriteComponent.cpp">
      <Filter>Source\Model\Framework\Components</Filter>
    </ClCompile>
    <ClCompile Include="Framework\Components\PhysicsComponent.cpp">
      <Filter>Source\Model\Framework\Components</Filter>
    </ClCompile>
    <ClCompile Include="Framework\Components\AudioComponent.cpp">
      <Filter>Source\Model\Framework\Components</Filter>
    </ClCompile>
    <ClCompile Include="Physics\PhysicsSystem.cpp">
      <Filter>Source\Controller\Physics</Filter>
    </ClCompile>
    <ClCompile Include="Audio\AudioChannel.cpp">
      <Filter>Source\View\Audio</Filter>
    </ClCompile>
    <ClCompile Include="Framework\Components\CollisionComponent.cpp">
      <Filter>Source\Model\Framework\Components</Filter>
    </ClCompile>
    <ClCompile Include="Framework\Components\RBPhysicsComponent.cpp">
      <Filter>Source\Model\Framework\Components</Filter>
    </ClCompile>
    <ClCompile Include="Framework\Components\SpriteAnimComponent.cpp">
      <Filter>Source\Model\Framework\Components</Filter>
    </ClCompile>
    <ClCompile Include="Framework\Components\TextComponent.cpp">
      <Filter>Source\Model\Framework\Components</Filter>
    </ClCompile>
    <ClCompile Include="Framework\Components\TilemapComponent.cpp">
      <Filter>Source\Model\Framework\Components</Filter>
    </ClCompile>
    <ClCompile Include="Physics\ContactListener.cpp">
      <Filter>Source\Controller\Physics</Filter>
    </ClCompile>
    <ClCompile Include="Math\Transform.cpp">
      <Filter>Source\Controller\Math</Filter>
    </ClCompile>
    <ClCompile Include="Framework\Components\PlayComponent.cpp">
      <Filter>Source\Model\Framework\Components</Filter>
    </ClCompile>
    <ClCompile Include="Framework\EventSystem\EventMgmt.cpp">
      <Filter>Source\Model\Framework\EventSystem</Filter>
    </ClCompile>
    <ClCompile Include="Framework\Components\CharComponent.cpp">
      <Filter>Source\Model\Framework\Components</Filter>
    </ClCompile>
    <ClCompile Include="Framework\Components\CameraComponent.cpp">
      <Filter>Source\Model\Framework\Components</Filter>
    </ClCompile>
  </ItemGroup>
  <ItemGroup>
    <ClInclude Include="Math\MathUtils.h">
      <Filter>Source\Controller\Math</Filter>
    </ClInclude>
    <ClInclude Include="Core\MemoryMgmt.h">
      <Filter>Source\Controller\Core</Filter>
    </ClInclude>
    <ClInclude Include="Renderer\Renderer.h">
      <Filter>Source\View\Renderer</Filter>
    </ClInclude>
    <ClInclude Include="Renderer\Model.h">
      <Filter>Source\View\Renderer</Filter>
    </ClInclude>
    <ClInclude Include="Core\File.h">
      <Filter>Source\Controller\Core</Filter>
    </ClInclude>
    <ClInclude Include="Core\TimeMgmt.h">
      <Filter>Source\Controller\Core</Filter>
    </ClInclude>
    <ClInclude Include="Input\InputSystem.h">
      <Filter>Source\View\Input</Filter>
    </ClInclude>
    <ClInclude Include="Math\Random.h">
      <Filter>Source\Controller\Math</Filter>
    </ClInclude>
    <ClInclude Include="Math\Transform.h">
      <Filter>Source\Controller\Math</Filter>
    </ClInclude>
    <ClInclude Include="Math\Vector2.h">
      <Filter>Source\Controller\Math</Filter>
    </ClInclude>
    <ClInclude Include="Math\Color.h">
      <Filter>Source\Controller\Math</Filter>
    </ClInclude>
    <ClInclude Include="Framework\Actor.h">
      <Filter>Source\Model\Framework</Filter>
    </ClInclude>
    <ClInclude Include="Framework\GameObject.h">
      <Filter>Source\Model\Framework</Filter>
    </ClInclude>
    <ClInclude Include="Framework\Scene.h">
      <Filter>Source\Model\Framework</Filter>
    </ClInclude>
    <ClInclude Include="Audio\AudioSystem.h">
      <Filter>Source\View\Audio</Filter>
    </ClInclude>
    <ClInclude Include="Engine.h">
      <Filter>Source</Filter>
    </ClInclude>
    <ClInclude Include="Renderer\Font.h">
      <Filter>Source\View\Renderer</Filter>
    </ClInclude>
    <ClInclude Include="Renderer\Text.h">
      <Filter>Source\View\Renderer</Filter>
    </ClInclude>
    <ClInclude Include="Framework\Game.h">
      <Filter>Source\Model\Framework</Filter>
    </ClInclude>
    <ClInclude Include="Renderer\Texture.h">
      <Filter>Source\View\Renderer</Filter>
    </ClInclude>
    <ClInclude Include="Core\Logger.h">
      <Filter>Source\Controller\Core</Filter>
    </ClInclude>
    <ClInclude Include="Framework\Components\Component.h">
      <Filter>Source\Model\Framework\Components</Filter>
    </ClInclude>
    <ClInclude Include="Math\Mat2x2.h">
      <Filter>Source\Controller\Math</Filter>
    </ClInclude>
    <ClInclude Include="Math\Vector3.h">
      <Filter>Source\Controller\Math</Filter>
    </ClInclude>
    <ClInclude Include="Math\Mat3x3.h">
      <Filter>Source\Controller\Math</Filter>
    </ClInclude>
    <ClInclude Include="Framework\Components\ModelComponent.h">
      <Filter>Source\Model\Framework\Components</Filter>
    </ClInclude>
    <ClInclude Include="Resource\Resource.h">
      <Filter>Source\DAL\Resource</Filter>
    </ClInclude>
    <ClInclude Include="Resource\ResourceMgmt.h">
      <Filter>Source\DAL\Resource</Filter>
    </ClInclude>
    <ClInclude Include="Framework\Components\AudioComponent.h">
      <Filter>Source\Model\Framework\Components</Filter>
    </ClInclude>
    <ClInclude Include="Framework\Components\PhysicsComponent.h">
      <Filter>Source\Model\Framework\Components</Filter>
    </ClInclude>
    <ClInclude Include="Framework\Components\RenderComponent.h">
      <Filter>Source\Model\Framework\Components</Filter>
    </ClInclude>
    <ClInclude Include="Framework\Components\SpriteComponent.h">
      <Filter>Source\Model\Framework\Components</Filter>
    </ClInclude>
    <ClInclude Include="Serialization\JSON.h">
      <Filter>Source\DAL\Serialization</Filter>
    </ClInclude>
    <ClInclude Include="Serialization\Serializable.h">
      <Filter>Source\DAL\Serialization</Filter>
    </ClInclude>
    <ClInclude Include="Physics\PhysicsSystem.h">
      <Filter>Source\Controller\Physics</Filter>
    </ClInclude>
    <ClInclude Include="Framework\Factory.h">
      <Filter>Source\Model\Framework</Filter>
    </ClInclude>
    <ClInclude Include="Framework\Singleton.h">
      <Filter>Source\Model\Framework</Filter>
    </ClInclude>
    <ClInclude Include="Audio\AudioChannel.h">
      <Filter>Source\View\Audio</Filter>
    </ClInclude>
    <ClInclude Include="Framework\Components\CollisionComponent.h">
      <Filter>Source\Model\Framework\Components</Filter>
    </ClInclude>
    <ClInclude Include="Framework\Components\RBPhysicsComponent.h">
      <Filter>Source\Model\Framework\Components</Filter>
    </ClInclude>
    <ClInclude Include="Framework\Components\SpriteAnimComponent.h">
      <Filter>Source\Model\Framework\Components</Filter>
    </ClInclude>
    <ClInclude Include="Framework\Components\TextComponent.h">
      <Filter>Source\Model\Framework\Components</Filter>
    </ClInclude>
    <ClInclude Include="Framework\Components\TilemapComponent.h">
      <Filter>Source\Model\Framework\Components</Filter>
    </ClInclude>
    <ClInclude Include="Math\Rectangle.h">
      <Filter>Source\Controller\Math</Filter>
    </ClInclude>
    <ClInclude Include="Physics\Collision.h">
      <Filter>Source\Controller\Physics</Filter>
    </ClInclude>
    <ClInclude Include="Physics\ContactListener.h">
      <Filter>Source\Controller\Physics</Filter>
    </ClInclude>
    <ClInclude Include="Framework\Components\PlayComponent.h">
      <Filter>Source\Model\Framework\Components</Filter>
    </ClInclude>
    <ClInclude Include="Framework\EventSystem\Event.h">
      <Filter>Source\Model\Framework\EventSystem</Filter>
    </ClInclude>
    <ClInclude Include="Framework\EventSystem\EventMgmt.h">
      <Filter>Source\Model\Framework\EventSystem</Filter>
    </ClInclude>
    <ClInclude Include="Framework\Components\CharComponent.h">
      <Filter>Source\Model\Framework\Components</Filter>
    </ClInclude>
    <ClInclude Include="Framework\Components\CameraComponent.h">
      <Filter>Source\Model\Framework\Components</Filter>
    </ClInclude>
  </ItemGroup>
</Project>